
Microsoft Visual Studio Solution File, Format Version 12.00
# Visual Studio 15
VisualStudioVersion = 15.0.27703.2026
MinimumVisualStudioVersion = 10.0.40219.1
Project("{FAE04EC0-301F-11D3-BF4B-00C04F79EFBC}") = "ExploreCalifornia", "ExploreCalifornia\ExploreCalifornia.csproj", "{C5FC8452-2831-47C0-A155-FDC251835731}"
EndProject
Global
	GlobalSection(SolutionConfigurationPlatforms) = preSolution
		Debug|Any CPU = Debug|Any CPU
		Release|Any CPU = Release|Any CPU
	EndGlobalSection
	GlobalSection(ProjectConfigurationPlatforms) = postSolution
		{C5FC8452-2831-47C0-A155-FDC251835731}.Debug|Any CPU.ActiveCfg = Debug|Any CPU
		{C5FC8452-2831-47C0-A155-FDC251835731}.Debug|Any CPU.Build.0 = Debug|Any CPU
		{C5FC8452-2831-47C0-A155-FDC251835731}.Release|Any CPU.ActiveCfg = Release|Any CPU
		{C5FC8452-2831-47C0-A155-FDC251835731}.Release|Any CPU.Build.0 = Release|Any CPU
	EndGlobalSection
	GlobalSection(SolutionProperties) = preSolution
		HideSolutionNode = FALSE
	EndGlobalSection
	GlobalSection(ExtensibilityGlobals) = postSolution
		SolutionGuid = {9B7E1C5B-EB16-4237-8E21-57EB29C08926}
	EndGlobalSection
EndGlobal
